
Microsoft Visual Studio Solution File, Format Version 12.00
# Visual Studio Version 17
VisualStudioVersion = 17.14.36414.22
MinimumVisualStudioVersion = 10.0.40219.1
Project("{2150E333-8FDC-42A3-9474-1A3956D46DE8}") = "Task0", "Task0", "{36D591C7-65C7-A0D1-1CBC-10CDE441BDC8}"
EndProject
Project("{2150E333-8FDC-42A3-9474-1A3956D46DE8}") = "Task1", "Task1", "{D8095ACA-1B90-4332-AE89-B1DE3EA694BA}"
EndProject
Project("{2150E333-8FDC-42A3-9474-1A3956D46DE8}") = "Task2", "Task2", "{43A0229B-419A-4CBC-B665-2B4EFE544C4B}"
EndProject
Project("{2150E333-8FDC-42A3-9474-1A3956D46DE8}") = "Task3", "Task3", "{C54920CF-8D85-40E5-9911-FA6241BE869E}"
EndProject
Project("{2150E333-8FDC-42A3-9474-1A3956D46DE8}") = "Task4", "Task4", "{20E68349-0B23-4002-92A8-950669A87F45}"
EndProject
Project("{2150E333-8FDC-42A3-9474-1A3956D46DE8}") = "Task5", "Task5", "{05560CB0-0F80-4F07-A1FF-1378B8AE267F}"
EndProject
Project("{2150E333-8FDC-42A3-9474-1A3956D46DE8}") = "Task6", "Task6", "{019E5326-1AFF-400C-8D18-12E830513D67}"
EndProject
Project("{2150E333-8FDC-42A3-9474-1A3956D46DE8}") = "Task7", "Task7", "{0FC746CE-5050-4F9A-882F-079D8757E424}"
EndProject
Project("{FAE04EC0-301F-11D3-BF4B-00C04F79EFBC}") = "Tyuiu.PashkovGV.Sprint5.Task0.V22", "Tyuiu.PashkovGV.Sprint5.Task0.V22\Tyuiu.PashkovGV.Sprint5.Task0.V22.csproj", "{ADC4DCAC-1283-4ACF-BB17-58474C622C65}"
EndProject
Project("{FAE04EC0-301F-11D3-BF4B-00C04F79EFBC}") = "Tyuiu.PashkovGV.Sprint5.Task0.V22.Lib", "Tyuiu.PashkovGV.Sprint5.Task0.V22.Lib\Tyuiu.PashkovGV.Sprint5.Task0.V22.Lib.csproj", "{76F3372A-00C9-4568-959E-CD9D2AEB8D83}"
EndProject
Project("{FAE04EC0-301F-11D3-BF4B-00C04F79EFBC}") = "Tyuiu.PashkovGV.Sprint5.Task0.V22.Test", "Tyuiu.PashkovGV.Sprint5.Task0.V22.Test\Tyuiu.PashkovGV.Sprint5.Task0.V22.Test.csproj", "{15632487-C7D6-4551-82C4-F6D4E413B798}"
EndProject
Project("{FAE04EC0-301F-11D3-BF4B-00C04F79EFBC}") = "Tyuiu.PashkovGV.Sprint5.Task1.V18", "Tyuiu.PashkovGV.Sprint5.Task1.V18\Tyuiu.PashkovGV.Sprint5.Task1.V18.csproj", "{F321CDCD-BAEF-40EB-8223-727C9308D7D5}"
EndProject
Project("{FAE04EC0-301F-11D3-BF4B-00C04F79EFBC}") = "Tyuiu.PashkovGV.Sprint5.Task1.V18.Lib", "Tyuiu.PashkovGV.Sprint5.Task1.V18.Lib\Tyuiu.PashkovGV.Sprint5.Task1.V18.Lib.csproj", "{6166901A-55A3-44D7-912E-4A28F45E4729}"
EndProject
Project("{FAE04EC0-301F-11D3-BF4B-00C04F79EFBC}") = "Tyuiu.PashkovGV.Sprint5.Task1.V18.Test", "Tyuiu.PashkovGV.Sprint5.Task1.V18.Test\Tyuiu.PashkovGV.Sprint5.Task1.V18.Test.csproj", "{075AAFF2-4D63-4A60-AC4E-E77A20948425}"
EndProject
Project("{FAE04EC0-301F-11D3-BF4B-00C04F79EFBC}") = "Tyuiu.PashkovGV.Sprint5.Task2.V3", "Tyuiu.PashkovGV.Sprint5.Task2.V3\Tyuiu.PashkovGV.Sprint5.Task2.V3.csproj", "{8F9B1F30-12D4-45E3-BF22-6757BCAE555A}"
EndProject
Project("{FAE04EC0-301F-11D3-BF4B-00C04F79EFBC}") = "Tyuiu.PashkovGV.Sprint5.Task2.V3.Lib", "Tyuiu.PashkovGV.Sprint5.Task2.V3.Lib\Tyuiu.PashkovGV.Sprint5.Task2.V3.Lib.csproj", "{B0D8F854-18C0-4633-9994-A870E82373B1}"
EndProject
Project("{FAE04EC0-301F-11D3-BF4B-00C04F79EFBC}") = "Tyuiu.PashkovGV.Sprint5.Task2.V3.Test", "Tyuiu.PashkovGV.Sprint5.Task2.V3.Test\Tyuiu.PashkovGV.Sprint5.Task2.V3.Test.csproj", "{4AA588C6-4952-4479-9FDA-294E8B833977}"
EndProject
Project("{FAE04EC0-301F-11D3-BF4B-00C04F79EFBC}") = "Tyuiu.PashkovGV.Sprint5.Task3.V1", "Tyuiu.PashkovGV.Sprint5.Task3.V1\Tyuiu.PashkovGV.Sprint5.Task3.V1.csproj", "{59128C22-C40F-46D2-B847-B52B4CD6F3C2}"
EndProject
Project("{FAE04EC0-301F-11D3-BF4B-00C04F79EFBC}") = "Tyuiu.PashkovGV.Sprint5.Task3.V1.Lib", "Tyuiu.PashkovGV.Sprint5.Task3.V1.Lib\Tyuiu.PashkovGV.Sprint5.Task3.V1.Lib.csproj", "{779D867E-3A53-4A69-B207-788EB35F50B9}"
EndProject
Project("{FAE04EC0-301F-11D3-BF4B-00C04F79EFBC}") = "Tyuiu.PashkovGV.Sprint5.Task3.V1.Test", "Tyuiu.PashkovGV.Sprint5.Task3.V1.Test\Tyuiu.PashkovGV.Sprint5.Task3.V1.Test.csproj", "{7B9D2EFF-6C35-4747-B981-46B0CB745ED2}"
EndProject
Project("{FAE04EC0-301F-11D3-BF4B-00C04F79EFBC}") = "Tyuiu.PashkovGV.Sprint5.Task4.V8", "Tyuiu.PashkovGV.Sprint5.Task4.V8\Tyuiu.PashkovGV.Sprint5.Task4.V8.csproj", "{F7DA9C2B-D724-4089-BAA6-66CE7C220A1A}"
EndProject
Project("{FAE04EC0-301F-11D3-BF4B-00C04F79EFBC}") = "Tyuiu.PashkovGV.Sprint5.Task4.V8.Lib", "Tyuiu.PashkovGV.Sprint5.Task4.V8.Lib\Tyuiu.PashkovGV.Sprint5.Task4.V8.Lib.csproj", "{977F1257-13CC-45AB-9BD7-10837E422605}"
EndProject
Project("{FAE04EC0-301F-11D3-BF4B-00C04F79EFBC}") = "Tyuiu.PashkovGV.Sprint5.Task4.V8.Test", "Tyuiu.PashkovGV.Sprint5.Task4.V8.Test\Tyuiu.PashkovGV.Sprint5.Task4.V8.Test.csproj", "{5235EDE2-C740-44D2-8E99-7B34EAB33146}"
EndProject
Project("{FAE04EC0-301F-11D3-BF4B-00C04F79EFBC}") = "Tyuiu.PashkovGV.Sprint5.Task5.V7", "Tyuiu.PashkovGV.Sprint5.Task5.V7\Tyuiu.PashkovGV.Sprint5.Task5.V7.csproj", "{D14C06A2-027B-4B0F-B0C4-75C3117F0DEB}"
EndProject
Project("{FAE04EC0-301F-11D3-BF4B-00C04F79EFBC}") = "Tyuiu.PashkovGV.Sprint5.Task5.V7.Lib", "Tyuiu.PashkovGV.Sprint5.Task5.V7.Lib\Tyuiu.PashkovGV.Sprint5.Task5.V7.Lib.csproj", "{FA71E4A7-3D6E-4E26-899A-FF157D47F2CC}"
EndProject
Project("{FAE04EC0-301F-11D3-BF4B-00C04F79EFBC}") = "Tyuiu.PashkovGV.Sprint5.Task5.V7.Test", "Tyuiu.PashkovGV.Sprint5.Task5.V7.Test\Tyuiu.PashkovGV.Sprint5.Task5.V7.Test.csproj", "{5DBE9BF1-0EC9-495C-8D7B-09F5266B073D}"
EndProject
Global
	GlobalSection(SolutionConfigurationPlatforms) = preSolution
		Debug|Any CPU = Debug|Any CPU
		Release|Any CPU = Release|Any CPU
	EndGlobalSection
	GlobalSection(ProjectConfigurationPlatforms) = postSolution
		{ADC4DCAC-1283-4ACF-BB17-58474C622C65}.Debug|Any CPU.ActiveCfg = Debug|Any CPU
		{ADC4DCAC-1283-4ACF-BB17-58474C622C65}.Debug|Any CPU.Build.0 = Debug|Any CPU
		{ADC4DCAC-1283-4ACF-BB17-58474C622C65}.Release|Any CPU.ActiveCfg = Release|Any CPU
		{ADC4DCAC-1283-4ACF-BB17-58474C622C65}.Release|Any CPU.Build.0 = Release|Any CPU
		{76F3372A-00C9-4568-959E-CD9D2AEB8D83}.Debug|Any CPU.ActiveCfg = Debug|Any CPU
		{76F3372A-00C9-4568-959E-CD9D2AEB8D83}.Debug|Any CPU.Build.0 = Debug|Any CPU
		{76F3372A-00C9-4568-959E-CD9D2AEB8D83}.Release|Any CPU.ActiveCfg = Release|Any CPU
		{76F3372A-00C9-4568-959E-CD9D2AEB8D83}.Release|Any CPU.Build.0 = Release|Any CPU
		{15632487-C7D6-4551-82C4-F6D4E413B798}.Debug|Any CPU.ActiveCfg = Debug|Any CPU
		{15632487-C7D6-4551-82C4-F6D4E413B798}.Debug|Any CPU.Build.0 = Debug|Any CPU
		{15632487-C7D6-4551-82C4-F6D4E413B798}.Release|Any CPU.ActiveCfg = Release|Any CPU
		{15632487-C7D6-4551-82C4-F6D4E413B798}.Release|Any CPU.Build.0 = Release|Any CPU
		{F321CDCD-BAEF-40EB-8223-727C9308D7D5}.Debug|Any CPU.ActiveCfg = Debug|Any CPU
		{F321CDCD-BAEF-40EB-8223-727C9308D7D5}.Debug|Any CPU.Build.0 = Debug|Any CPU
		{F321CDCD-BAEF-40EB-8223-727C9308D7D5}.Release|Any CPU.ActiveCfg = Release|Any CPU
		{F321CDCD-BAEF-40EB-8223-727C9308D7D5}.Release|Any CPU.Build.0 = Release|Any CPU
		{6166901A-55A3-44D7-912E-4A28F45E4729}.Debug|Any CPU.ActiveCfg = Debug|Any CPU
		{6166901A-55A3-44D7-912E-4A28F45E4729}.Debug|Any CPU.Build.0 = Debug|Any CPU
		{6166901A-55A3-44D7-912E-4A28F45E4729}.Release|Any CPU.ActiveCfg = Release|Any CPU
		{6166901A-55A3-44D7-912E-4A28F45E4729}.Release|Any CPU.Build.0 = Release|Any CPU
		{075AAFF2-4D63-4A60-AC4E-E77A20948425}.Debug|Any CPU.ActiveCfg = Debug|Any CPU
		{075AAFF2-4D63-4A60-AC4E-E77A20948425}.Debug|Any CPU.Build.0 = Debug|Any CPU
		{075AAFF2-4D63-4A60-AC4E-E77A20948425}.Release|Any CPU.ActiveCfg = Release|Any CPU
		{075AAFF2-4D63-4A60-AC4E-E77A20948425}.Release|Any CPU.Build.0 = Release|Any CPU
		{8F9B1F30-12D4-45E3-BF22-6757BCAE555A}.Debug|Any CPU.ActiveCfg = Debug|Any CPU
		{8F9B1F30-12D4-45E3-BF22-6757BCAE555A}.Debug|Any CPU.Build.0 = Debug|Any CPU
		{8F9B1F30-12D4-45E3-BF22-6757BCAE555A}.Release|Any CPU.ActiveCfg = Release|Any CPU
		{8F9B1F30-12D4-45E3-BF22-6757BCAE555A}.Release|Any CPU.Build.0 = Release|Any CPU
		{B0D8F854-18C0-4633-9994-A870E82373B1}.Debug|Any CPU.ActiveCfg = Debug|Any CPU
		{B0D8F854-18C0-4633-9994-A870E82373B1}.Debug|Any CPU.Build.0 = Debug|Any CPU
		{B0D8F854-18C0-4633-9994-A870E82373B1}.Release|Any CPU.ActiveCfg = Release|Any CPU
		{B0D8F854-18C0-4633-9994-A870E82373B1}.Release|Any CPU.Build.0 = Release|Any CPU
		{4AA588C6-4952-4479-9FDA-294E8B833977}.Debug|Any CPU.ActiveCfg = Debug|Any CPU
		{4AA588C6-4952-4479-9FDA-294E8B833977}.Debug|Any CPU.Build.0 = Debug|Any CPU
		{4AA588C6-4952-4479-9FDA-294E8B833977}.Release|Any CPU.ActiveCfg = Release|Any CPU
		{4AA588C6-4952-4479-9FDA-294E8B833977}.Release|Any CPU.Build.0 = Release|Any CPU
		{59128C22-C40F-46D2-B847-B52B4CD6F3C2}.Debug|Any CPU.ActiveCfg = Debug|Any CPU
		{59128C22-C40F-46D2-B847-B52B4CD6F3C2}.Debug|Any CPU.Build.0 = Debug|Any CPU
		{59128C22-C40F-46D2-B847-B52B4CD6F3C2}.Release|Any CPU.ActiveCfg = Release|Any CPU
		{59128C22-C40F-46D2-B847-B52B4CD6F3C2}.Release|Any CPU.Build.0 = Release|Any CPU
		{779D867E-3A53-4A69-B207-788EB35F50B9}.Debug|Any CPU.ActiveCfg = Debug|Any CPU
		{779D867E-3A53-4A69-B207-788EB35F50B9}.Debug|Any CPU.Build.0 = Debug|Any CPU
		{779D867E-3A53-4A69-B207-788EB35F50B9}.Release|Any CPU.ActiveCfg = Release|Any CPU
		{779D867E-3A53-4A69-B207-788EB35F50B9}.Release|Any CPU.Build.0 = Release|Any CPU
		{7B9D2EFF-6C35-4747-B981-46B0CB745ED2}.Debug|Any CPU.ActiveCfg = Debug|Any CPU
		{7B9D2EFF-6C35-4747-B981-46B0CB745ED2}.Debug|Any CPU.Build.0 = Debug|Any CPU
		{7B9D2EFF-6C35-4747-B981-46B0CB745ED2}.Release|Any CPU.ActiveCfg = Release|Any CPU
		{7B9D2EFF-6C35-4747-B981-46B0CB745ED2}.Release|Any CPU.Build.0 = Release|Any CPU
		{F7DA9C2B-D724-4089-BAA6-66CE7C220A1A}.Debug|Any CPU.ActiveCfg = Debug|Any CPU
		{F7DA9C2B-D724-4089-BAA6-66CE7C220A1A}.Debug|Any CPU.Build.0 = Debug|Any CPU
		{F7DA9C2B-D724-4089-BAA6-66CE7C220A1A}.Release|Any CPU.ActiveCfg = Release|Any CPU
		{F7DA9C2B-D724-4089-BAA6-66CE7C220A1A}.Release|Any CPU.Build.0 = Release|Any CPU
		{977F1257-13CC-45AB-9BD7-10837E422605}.Debug|Any CPU.ActiveCfg = Debug|Any CPU
		{977F1257-13CC-45AB-9BD7-10837E422605}.Debug|Any CPU.Build.0 = Debug|Any CPU
		{977F1257-13CC-45AB-9BD7-10837E422605}.Release|Any CPU.ActiveCfg = Release|Any CPU
		{977F1257-13CC-45AB-9BD7-10837E422605}.Release|Any CPU.Build.0 = Release|Any CPU
		{5235EDE2-C740-44D2-8E99-7B34EAB33146}.Debug|Any CPU.ActiveCfg = Debug|Any CPU
		{5235EDE2-C740-44D2-8E99-7B34EAB33146}.Debug|Any CPU.Build.0 = Debug|Any CPU
		{5235EDE2-C740-44D2-8E99-7B34EAB33146}.Release|Any CPU.ActiveCfg = Release|Any CPU
		{5235EDE2-C740-44D2-8E99-7B34EAB33146}.Release|Any CPU.Build.0 = Release|Any CPU
		{D14C06A2-027B-4B0F-B0C4-75C3117F0DEB}.Debug|Any CPU.ActiveCfg = Debug|Any CPU
		{D14C06A2-027B-4B0F-B0C4-75C3117F0DEB}.Debug|Any CPU.Build.0 = Debug|Any CPU
		{D14C06A2-027B-4B0F-B0C4-75C3117F0DEB}.Release|Any CPU.ActiveCfg = Release|Any CPU
		{D14C06A2-027B-4B0F-B0C4-75C3117F0DEB}.Release|Any CPU.Build.0 = Release|Any CPU
		{FA71E4A7-3D6E-4E26-899A-FF157D47F2CC}.Debug|Any CPU.ActiveCfg = Debug|Any CPU
		{FA71E4A7-3D6E-4E26-899A-FF157D47F2CC}.Debug|Any CPU.Build.0 = Debug|Any CPU
		{FA71E4A7-3D6E-4E26-899A-FF157D47F2CC}.Release|Any CPU.ActiveCfg = Release|Any CPU
		{FA71E4A7-3D6E-4E26-899A-FF157D47F2CC}.Release|Any CPU.Build.0 = Release|Any CPU
		{5DBE9BF1-0EC9-495C-8D7B-09F5266B073D}.Debug|Any CPU.ActiveCfg = Debug|Any CPU
		{5DBE9BF1-0EC9-495C-8D7B-09F5266B073D}.Debug|Any CPU.Build.0 = Debug|Any CPU
		{5DBE9BF1-0EC9-495C-8D7B-09F5266B073D}.Release|Any CPU.ActiveCfg = Release|Any CPU
		{5DBE9BF1-0EC9-495C-8D7B-09F5266B073D}.Release|Any CPU.Build.0 = Release|Any CPU
	EndGlobalSection
	GlobalSection(SolutionProperties) = preSolution
		HideSolutionNode = FALSE
	EndGlobalSection
	GlobalSection(NestedProjects) = preSolution
		{ADC4DCAC-1283-4ACF-BB17-58474C622C65} = {36D591C7-65C7-A0D1-1CBC-10CDE441BDC8}
		{76F3372A-00C9-4568-959E-CD9D2AEB8D83} = {36D591C7-65C7-A0D1-1CBC-10CDE441BDC8}
		{15632487-C7D6-4551-82C4-F6D4E413B798} = {36D591C7-65C7-A0D1-1CBC-10CDE441BDC8}
		{F321CDCD-BAEF-40EB-8223-727C9308D7D5} = {D8095ACA-1B90-4332-AE89-B1DE3EA694BA}
		{6166901A-55A3-44D7-912E-4A28F45E4729} = {D8095ACA-1B90-4332-AE89-B1DE3EA694BA}
		{075AAFF2-4D63-4A60-AC4E-E77A20948425} = {D8095ACA-1B90-4332-AE89-B1DE3EA694BA}
		{8F9B1F30-12D4-45E3-BF22-6757BCAE555A} = {43A0229B-419A-4CBC-B665-2B4EFE544C4B}
		{B0D8F854-18C0-4633-9994-A870E82373B1} = {43A0229B-419A-4CBC-B665-2B4EFE544C4B}
		{4AA588C6-4952-4479-9FDA-294E8B833977} = {43A0229B-419A-4CBC-B665-2B4EFE544C4B}
		{59128C22-C40F-46D2-B847-B52B4CD6F3C2} = {C54920CF-8D85-40E5-9911-FA6241BE869E}
		{779D867E-3A53-4A69-B207-788EB35F50B9} = {C54920CF-8D85-40E5-9911-FA6241BE869E}
		{7B9D2EFF-6C35-4747-B981-46B0CB745ED2} = {C54920CF-8D85-40E5-9911-FA6241BE869E}
		{F7DA9C2B-D724-4089-BAA6-66CE7C220A1A} = {20E68349-0B23-4002-92A8-950669A87F45}
		{977F1257-13CC-45AB-9BD7-10837E422605} = {20E68349-0B23-4002-92A8-950669A87F45}
		{5235EDE2-C740-44D2-8E99-7B34EAB33146} = {20E68349-0B23-4002-92A8-950669A87F45}
		{D14C06A2-027B-4B0F-B0C4-75C3117F0DEB} = {05560CB0-0F80-4F07-A1FF-1378B8AE267F}
		{FA71E4A7-3D6E-4E26-899A-FF157D47F2CC} = {05560CB0-0F80-4F07-A1FF-1378B8AE267F}
		{5DBE9BF1-0EC9-495C-8D7B-09F5266B073D} = {05560CB0-0F80-4F07-A1FF-1378B8AE267F}
	EndGlobalSection
	GlobalSection(ExtensibilityGlobals) = postSolution
		SolutionGuid = {9AD90B97-72F0-413C-875D-E148977C7B65}
	EndGlobalSection
EndGlobal
